// !$*UTF8*$!
{
	archiveVersion = 1;
	classes = {
	};
	objectVersion = 46;
	objects = {

/* Begin PBXBuildFile section */
		3F7E20211E5037EA00691AFC /* main.m in Sources */ = {isa = PBXBuildFile; fileRef = 3F7E20201E5037EA00691AFC /* main.m */; };
		3F7E20291E503A5800691AFC /* InputHandler.m in Sources */ = {isa = PBXBuildFile; fileRef = 3F7E20281E503A5800691AFC /* InputHandler.m */; };
		3F7E202C1E503AFF00691AFC /* Player.m in Sources */ = {isa = PBXBuildFile; fileRef = 3F7E202B1E503AFF00691AFC /* Player.m */; };
/* End PBXBuildFile section */

/* Begin PBXCopyFilesBuildPhase section */
		3F7E201B1E5037EA00691AFC /* CopyFiles */ = {
			isa = PBXCopyFilesBuildPhase;
			buildActionMask = 2147483647;
			dstPath = /usr/share/man/man1/;
			dstSubfolderSpec = 0;
			files = (
			);
			runOnlyForDeploymentPostprocessing = 1;
		};
/* End PBXCopyFilesBuildPhase section */

/* Begin PBXFileReference section */
		3F7E201D1E5037EA00691AFC /* SnakesAndLadders */ = {isa = PBXFileReference; explicitFileType = "compiled.mach-o.executable"; includeInIndex = 0; path = SnakesAndLadders; sourceTree = BUILT_PRODUCTS_DIR; };
		3F7E20201E5037EA00691AFC /* main.m */ = {isa = PBXFileReference; lastKnownFileType = sourcecode.c.objc; path = main.m; sourceTree = "<group>"; };
		3F7E20271E503A5800691AFC /* InputHandler.h */ = {isa = PBXFileReference; fileEncoding = 4; lastKnownFileType = sourcecode.c.h; path = InputHandler.h; sourceTree = "<group>"; };
		3F7E20281E503A5800691AFC /* InputHandler.m */ = {isa = PBXFileReference; fileEncoding = 4; lastKnownFileType = sourcecode.c.objc; path = InputHandler.m; sourceTree = "<group>"; };
		3F7E202A1E503AFF00691AFC /* Player.h */ = {isa = PBXFileReference; fileEncoding = 4; lastKnownFileType = sourcecode.c.h; path = Player.h; sourceTree = "<group>"; };
		3F7E202B1E503AFF00691AFC /* Player.m */ = {isa = PBXFileReference; fileEncoding = 4; lastKnownFileType = sourcecode.c.objc; path = Player.m; sourceTree = "<group>"; };
/* End PBXFileReference section */

/* Begin PBXFrameworksBuildPhase section */
		3F7E201A1E5037EA00691AFC /* Frameworks */ = {
			isa = PBXFrameworksBuildPhase;
			buildActionMask = 2147483647;
			files = (
			);
			runOnlyForDeploymentPostprocessing = 0;
		};
/* End PBXFrameworksBuildPhase section */

/* Begin PBXGroup section */
		3F7E20141E5037EA00691AFC = {
			isa = PBXGroup;
			children = (
				3F7E201F1E5037EA00691AFC /* SnakesAndLadders */,
				3F7E201E1E5037EA00691AFC /* Products */,
			);
			sourceTree = "<group>";
		};
		3F7E201E1E5037EA00691AFC /* Products */ = {
			isa = PBXGroup;
			children = (
				3F7E201D1E5037EA00691AFC /* SnakesAndLadders */,
			);
			name = Products;
			sourceTree = "<group>";
		};
		3F7E201F1E5037EA00691AFC /* SnakesAndLadders */ = {
			isa = PBXGroup;
			children = (
				3F7E20201E5037EA00691AFC /* main.m */,
				3F7E202A1E503AFF00691AFC /* Player.h */,
				3F7E202B1E503AFF00691AFC /* Player.m */,
				3F7E20271E503A5800691AFC /* InputHandler.h */,
				3F7E20281E503A5800691AFC /* InputHandler.m */,
			);
			path = SnakesAndLadders;
			sourceTree = "<group>";
		};
/* End PBXGroup section */

/* Begin PBXNativeTarget section */
		3F7E201C1E5037EA00691AFC /* SnakesAndLadders */ = {
			isa = PBXNativeTarget;
			buildConfigurationList = 3F7E20241E5037EA00691AFC /* Build configuration list for PBXNativeTarget "SnakesAndLadders" */;
			buildPhases = (
				3F7E20191E5037EA00691AFC /* Sources */,
				3F7E201A1E5037EA00691AFC /* Frameworks */,
				3F7E201B1E5037EA00691AFC /* CopyFiles */,
			);
			buildRules = (
			);
			dependencies = (
			);
			name = SnakesAndLadders;
			productName = SnakesAndLadders;
			productReference = 3F7E201D1E5037EA00691AFC /* SnakesAndLadders */;
			productType = "com.apple.product-type.tool";
		};
/* End PBXNativeTarget section */

/* Begin PBXProject section */
		3F7E20151E5037EA00691AFC /* Project object */ = {
			isa = PBXProject;
			attributes = {
				LastUpgradeCheck = 0810;
				ORGANIZATIONNAME = "Callum Davies";
				TargetAttributes = {
					3F7E201C1E5037EA00691AFC = {
						CreatedOnToolsVersion = 8.1;
						ProvisioningStyle = Automatic;
					};
				};
			};
			buildConfigurationList = 3F7E20181E5037EA00691AFC /* Build configuration list for PBXProject "SnakesAndLadders" */;
			compatibilityVersion = "Xcode 3.2";
			developmentRegion = English;
			hasScannedForEncodings = 0;
			knownRegions = (
				en,
			);
			mainGroup = 3F7E20141E5037EA00691AFC;
			productRefGroup = 3F7E201E1E5037EA00691AFC /* Products */;
			projectDirPath = "";
			projectRoot = "";
			targets = (
				3F7E201C1E5037EA00691AFC /* SnakesAndLadders */,
			);
		};
/* End PBXProject section */

/* Begin PBXSourcesBuildPhase section */
		3F7E20191E5037EA00691AFC /* Sources */ = {
			isa = PBXSourcesBuildPhase;
			buildActionMask = 2147483647;
			files = (
				3F7E20211E5037EA00691AFC /* main.m in Sources */,
				3F7E202C1E503AFF00691AFC /* Player.m in Sources */,
				3F7E20291E503A5800691AFC /* InputHandler.m in Sources */,
			);
			runOnlyForDeploymentPostprocessing = 0;
		};
/* End PBXSourcesBuildPhase section */

/* Begin XCBuildConfiguration section */
		3F7E20221E5037EA00691AFC /* Debug */ = {
			isa = XCBuildConfiguration;
			buildSettings = {
				ALWAYS_SEARCH_USER_PATHS = NO;
				CLANG_ANALYZER_NONNULL = YES;
				CLANG_CXX_LANGUAGE_STANDARD = "gnu++0x";
				CLANG_CXX_LIBRARY = "libc++";
				CLANG_ENABLE_MODULES = YES;
				CLANG_ENABLE_OBJC_ARC = YES;
				CLANG_WARN_BOOL_CONVERSION = YES;
				CLANG_WARN_CONSTANT_CONVERSION = YES;
				CLANG_WARN_DIRECT_OBJC_ISA_USAGE = YES_ERROR;
				CLANG_WARN_DOCUMENTATION_COMMENTS = YES;
				CLANG_WARN_EMPTY_BODY = YES;
				CLANG_WARN_ENUM_CONVERSION = YES;
				CLANG_WARN_INFINITE_RECURSION = YES;
				CLANG_WARN_INT_CONVERSION = YES;
				CLANG_WARN_OBJC_ROOT_CLASS = YES_ERROR;
				CLANG_WARN_SUSPICIOUS_MOVES = YES;
				CLANG_WARN_UNREACHABLE_CODE = YES;
				CLANG_WARN__DUPLICATE_METHOD_MATCH = YES;
				CODE_SIGN_IDENTITY = "-";
				COPY_PHASE_STRIP = NO;
				DEBUG_INFORMATION_FORMAT = dwarf;
				ENABLE_STRICT_OBJC_MSGSEND = YES;
				ENABLE_TESTABILITY = YES;
				GCC_C_LANGUAGE_STANDARD = gnu99;
				GCC_DYNAMIC_NO_PIC = NO;
				GCC_NO_COMMON_BLOCKS = YES;
				GCC_OPTIMIZATION_LEVEL = 0;
				GCC_PREPROCESSOR_DEFINITIONS = (
					"DEBUG=1",
					"$(inherited)",
				);
				GCC_WARN_64_TO_32_BIT_CONVERSION = YES;
				GCC_WARN_ABOUT_RETURN_TYPE = YES_ERROR;
				GCC_WARN_UNDECLARED_SELECTOR = YES;
				GCC_WARN_UNINITIALIZED_AUTOS = YES_AGGRESSIVE;
				GCC_WARN_UNUSED_FUNCTION = YES;
				GCC_WARN_UNUSED_VARIABLE = YES;
				MACOSX_DEPLOYMENT_TARGET = 10.12;
				MTL_ENABLE_DEBUG_INFO = YES;
				ONLY_ACTIVE_ARCH = YES;
				SDKROOT = macosx;
			};
			name = Debug;
		};
		3F7E20231E5037EA00691AFC /* Release */ = {
			isa = XCBuildConfiguration;
			buildSettings = {
				ALWAYS_SEARCH_USER_PATHS = NO;
				CLANG_ANALYZER_NONNULL = YES;
				CLANG_CXX_LANGUAGE_STANDARD = "gnu++0x";
				CLANG_CXX_LIBRARY = "libc++";
				CLANG_ENABLE_MODULES = YES;
				CLANG_ENABLE_OBJC_ARC = YES;
				CLANG_WARN_BOOL_CONVERSION = YES;
				CLANG_WARN_CONSTANT_CONVERSION = YES;
				CLANG_WARN_DIRECT_OBJC_ISA_USAGE = YES_ERROR;
				CLANG_WARN_DOCUMENTATION_COMMENTS = YES;
				CLANG_WARN_EMPTY_BODY = YES;
				CLANG_WARN_ENUM_CONVERSION = YES;
				CLANG_WARN_INFINITE_RECURSION = YES;
				CLANG_WARN_INT_CONVERSION = YES;
				CLANG_WARN_OBJC_ROOT_CLASS = YES_ERROR;
				CLANG_WARN_SUSPICIOUS_MOVES = YES;
				CLANG_WARN_UNREACHABLE_CODE = YES;
				CLANG_WARN__DUPLICATE_METHOD_MATCH = YES;
				CODE_SIGN_IDENTITY = "-";
				COPY_PHASE_STRIP = NO;
				DEBUG_INFORMATION_FORMAT = "dwarf-with-dsym";
				ENABLE_NS_ASSERTIONS = NO;
				ENABLE_STRICT_OBJC_MSGSEND = YES;
				GCC_C_LANGUAGE_STANDARD = gnu99;
				GCC_NO_COMMON_BLOCKS = YES;
				GCC_WARN_64_TO_32_BIT_CONVERSION = YES;
				GCC_WARN_ABOUT_RETURN_TYPE = YES_ERROR;
				GCC_WARN_UNDECLARED_SELECTOR = YES;
				GCC_WARN_UNINITIALIZED_AUTOS = YES_AGGRESSIVE;
				GCC_WARN_UNUSED_FUNCTION = YES;
				GCC_WARN_UNUSED_VARIABLE = YES;
				MACOSX_DEPLOYMENT_TARGET = 10.12;
				MTL_ENABLE_DEBUG_INFO = NO;
				SDKROOT = macosx;
			};
			name = Release;
		};
		3F7E20251E5037EA00691AFC /* Debug */ = {
			isa = XCBuildConfiguration;
			buildSettings = {
				PRODUCT_NAME = "$(TARGET_NAME)";
			};
			name = Debug;
		};
		3F7E20261E5037EA00691AFC /* Release */ = {
			isa = XCBuildConfiguration;
			buildSettings = {
				PRODUCT_NAME = "$(TARGET_NAME)";
			};
			name = Release;
		};
/* End XCBuildConfiguration section */

/* Begin XCConfigurationList section */
		3F7E20181E5037EA00691AFC /* Build configuration list for PBXProject "SnakesAndLadders" */ = {
			isa = XCConfigurationList;
			buildConfigurations = (
				3F7E20221E5037EA00691AFC /* Debug */,
				3F7E20231E5037EA00691AFC /* Release */,
			);
			defaultConfigurationIsVisible = 0;
			defaultConfigurationName = Release;
		};
		3F7E20241E5037EA00691AFC /* Build configuration list for PBXNativeTarget "SnakesAndLadders" */ = {
			isa = XCConfigurationList;
			buildConfigurations = (
				3F7E20251E5037EA00691AFC /* Debug */,
				3F7E20261E5037EA00691AFC /* Release */,
			);
			defaultConfigurationIsVisible = 0;
		};
/* End XCConfigurationList section */
	};
	rootObject = 3F7E20151E5037EA00691AFC /* Project object */;
}
